{
  "name": "@slowerloris/server-utils",
  "version": "0.0.1",
  "lockfileVersion": 3,
  "requires": true,
  "packages": {
    "": {
      "name": "@slowerloris/server-utils",
      "version": "0.0.1",
      "license": "MIT",
      "workspaces": [
        "packages/*"
      ],
      "devDependencies": {
        "@biomejs/biome": "1.8.3",
        "typescript": "5.5.4"
      }
    },
    "node_modules/@biomejs/biome": {
      "version": "1.8.3",
      "dev": true,
      "hasInstallScript": true,
      "license": "MIT OR Apache-2.0",
      "bin": {
        "biome": "bin/biome"
      },
      "engines": {
        "node": ">=14.21.3"
      },
      "funding": {
        "type": "opencollective",
        "url": "https://opencollective.com/biome"
      },
      "optionalDependencies": {
        "@biomejs/cli-darwin-arm64": "1.8.3",
        "@biomejs/cli-darwin-x64": "1.8.3",
        "@biomejs/cli-linux-arm64": "1.8.3",
        "@biomejs/cli-linux-arm64-musl": "1.8.3",
        "@biomejs/cli-linux-x64": "1.8.3",
        "@biomejs/cli-linux-x64-musl": "1.8.3",
        "@biomejs/cli-win32-arm64": "1.8.3",
        "@biomejs/cli-win32-x64": "1.8.3"
      }
    },
    "node_modules/@biomejs/cli-linux-x64": {
      "version": "1.8.3",
      "cpu": [
        "x64"
      ],
      "dev": true,
      "license": "MIT OR Apache-2.0",
      "optional": true,
      "os": [
        "linux"
      ],
      "engines": {
        "node": ">=14.21.3"
      }
    },
    "node_modules/@slower-loris/csrf": {
      "resolved": "packages/csrf",
      "link": true
    },
    "node_modules/@slower-loris/environment": {
      "resolved": "packages/environment",
      "link": true
    },
    "node_modules/@slowerloris/analytics-cache": {
      "resolved": "packages/analytics-cache",
      "link": true
    },
    "node_modules/typescript": {
      "version": "5.5.4",
      "dev": true,
      "license": "Apache-2.0",
      "bin": {
        "tsc": "bin/tsc",
        "tsserver": "bin/tsserver"
      },
      "engines": {
        "node": ">=14.17"
      }
    },
    "node_modules/ulid": {
      "version": "2.3.0",
      "license": "MIT",
      "bin": {
        "ulid": "bin/cli.js"
      }
    },
    "packages/analytics-cache": {
      "name": "@slowerloris/analytics-cache",
      "version": "0.0.2",
      "license": "MIT",
      "dependencies": {
        "ulid": "2.3.0"
      },
      "devDependencies": {
        "@biomejs/biome": "1.8.3",
        "typescript": "5.5.4"
      }
    },
    "packages/csrf": {
      "name": "@slower-loris/csrf",
      "version": "0.0.1",
      "devDependencies": {
        "@biomejs/biome": "1.8.3",
        "typescript": "5.5.4"
      }
    },
    "packages/environment": {
      "name": "@slower-loris/environment",
      "version": "0.0.1",
      "devDependencies": {
        "@biomejs/biome": "1.8.3",
        "typescript": "5.5.4"
      }
    }
  }
}
