# This file is generated by running "yarn install" inside your project.
# Manual changes might be lost - proceed with caution!

__metadata:
  version: 8
  cacheKey: 10c0

"@biomejs/biome@npm:1.8.3":
  version: 1.8.3
  resolution: "@biomejs/biome@npm:1.8.3"
  dependencies:
    "@biomejs/cli-darwin-arm64": "npm:1.8.3"
    "@biomejs/cli-darwin-x64": "npm:1.8.3"
    "@biomejs/cli-linux-arm64": "npm:1.8.3"
    "@biomejs/cli-linux-arm64-musl": "npm:1.8.3"
    "@biomejs/cli-linux-x64": "npm:1.8.3"
    "@biomejs/cli-linux-x64-musl": "npm:1.8.3"
    "@biomejs/cli-win32-arm64": "npm:1.8.3"
    "@biomejs/cli-win32-x64": "npm:1.8.3"
  dependenciesMeta:
    "@biomejs/cli-darwin-arm64":
      optional: true
    "@biomejs/cli-darwin-x64":
      optional: true
    "@biomejs/cli-linux-arm64":
      optional: true
    "@biomejs/cli-linux-arm64-musl":
      optional: true
    "@biomejs/cli-linux-x64":
      optional: true
    "@biomejs/cli-linux-x64-musl":
      optional: true
    "@biomejs/cli-win32-arm64":
      optional: true
    "@biomejs/cli-win32-x64":
      optional: true
  bin:
    biome: bin/biome
  checksum: 10c0/95fe99ce82cd8242f1be51cbf3ac26043b253f5a369d3dc24df09bdb32ec04dba679b1d4fa8b9d602b1bf2c30ecd80af14aa8f5c92d6e0cd6214a99a1099a65b
  languageName: node
  linkType: hard

"@biomejs/cli-darwin-arm64@npm:1.8.3":
  version: 1.8.3
  resolution: "@biomejs/cli-darwin-arm64@npm:1.8.3"
  conditions: os=darwin & cpu=arm64
  languageName: node
  linkType: hard

"@biomejs/cli-darwin-x64@npm:1.8.3":
  version: 1.8.3
  resolution: "@biomejs/cli-darwin-x64@npm:1.8.3"
  conditions: os=darwin & cpu=x64
  languageName: node
  linkType: hard

"@biomejs/cli-linux-arm64-musl@npm:1.8.3":
  version: 1.8.3
  resolution: "@biomejs/cli-linux-arm64-musl@npm:1.8.3"
  conditions: os=linux & cpu=arm64 & libc=musl
  languageName: node
  linkType: hard

"@biomejs/cli-linux-arm64@npm:1.8.3":
  version: 1.8.3
  resolution: "@biomejs/cli-linux-arm64@npm:1.8.3"
  conditions: os=linux & cpu=arm64 & libc=glibc
  languageName: node
  linkType: hard

"@biomejs/cli-linux-x64-musl@npm:1.8.3":
  version: 1.8.3
  resolution: "@biomejs/cli-linux-x64-musl@npm:1.8.3"
  conditions: os=linux & cpu=x64 & libc=musl
  languageName: node
  linkType: hard

"@biomejs/cli-linux-x64@npm:1.8.3":
  version: 1.8.3
  resolution: "@biomejs/cli-linux-x64@npm:1.8.3"
  conditions: os=linux & cpu=x64 & libc=glibc
  languageName: node
  linkType: hard

"@biomejs/cli-win32-arm64@npm:1.8.3":
  version: 1.8.3
  resolution: "@biomejs/cli-win32-arm64@npm:1.8.3"
  conditions: os=win32 & cpu=arm64
  languageName: node
  linkType: hard

"@biomejs/cli-win32-x64@npm:1.8.3":
  version: 1.8.3
  resolution: "@biomejs/cli-win32-x64@npm:1.8.3"
  conditions: os=win32 & cpu=x64
  languageName: node
  linkType: hard

"@slower-loris/analytics-cache@workspace:packages/analytics-cache":
  version: 0.0.0-use.local
  resolution: "@slower-loris/analytics-cache@workspace:packages/analytics-cache"
  dependencies:
    typescript: "npm:5.5.4"
    ulid: "npm:2.3.0"
  languageName: unknown
  linkType: soft

"@slower-loris/environment@workspace:packages/environment":
  version: 0.0.0-use.local
  resolution: "@slower-loris/environment@workspace:packages/environment"
  dependencies:
    typescript: "npm:5.5.4"
  languageName: unknown
  linkType: soft

"@slowerloris/server-utils@workspace:.":
  version: 0.0.0-use.local
  resolution: "@slowerloris/server-utils@workspace:."
  dependencies:
    "@biomejs/biome": "npm:1.8.3"
    typescript: "npm:5.5.4"
  languageName: unknown
  linkType: soft

"typescript@npm:5.5.4":
  version: 5.5.4
  resolution: "typescript@npm:5.5.4"
  bin:
    tsc: bin/tsc
    tsserver: bin/tsserver
  checksum: 10c0/422be60f89e661eab29ac488c974b6cc0a660fb2228003b297c3d10c32c90f3bcffc1009b43876a082515a3c376b1eefcce823d6e78982e6878408b9a923199c
  languageName: node
  linkType: hard

"typescript@patch:typescript@npm%3A5.5.4#optional!builtin<compat/typescript>":
  version: 5.5.4
  resolution: "typescript@patch:typescript@npm%3A5.5.4#optional!builtin<compat/typescript>::version=5.5.4&hash=379a07"
  bin:
    tsc: bin/tsc
    tsserver: bin/tsserver
  checksum: 10c0/73409d7b9196a5a1217b3aaad929bf76294d3ce7d6e9766dd880ece296ee91cf7d7db6b16c6c6c630ee5096eccde726c0ef17c7dfa52b01a243e57ae1f09ef07
  languageName: node
  linkType: hard

"ulid@npm:2.3.0":
  version: 2.3.0
  resolution: "ulid@npm:2.3.0"
  bin:
    ulid: ./bin/cli.js
  checksum: 10c0/070d237502781085e59cf3d8ece752ff96cd3a0990cf1c1be57273f4550597daeb72e9a7db8e5a320de31102509bb3321d280b54bfc44e98025e4628a9629773
  languageName: node
  linkType: hard
